
Microsoft Visual Studio Solution File, Format Version 12.00
# Visual Studio Version 17
VisualStudioVersion = 17.4.33103.184
MinimumVisualStudioVersion = 10.0.40219.1
Project("{FAE04EC0-301F-11D3-BF4B-00C04F79EFBC}") = "TravelingPaws", "TravelingPaws\TravelingPaws.csproj", "{C7B0AA93-DF3B-4949-BA44-B8C34FE59EB0}"
EndProject
Project("{FAE04EC0-301F-11D3-BF4B-00C04F79EFBC}") = "TravelingPawsAPI", "TravelingPawsAPI\TravelingPawsAPI.csproj", "{1AE9262B-891B-489D-A3FC-13DA6AA89BCC}"
EndProject
Global
	GlobalSection(SolutionConfigurationPlatforms) = preSolution
		Debug|Any CPU = Debug|Any CPU
		Release|Any CPU = Release|Any CPU
	EndGlobalSection
	GlobalSection(ProjectConfigurationPlatforms) = postSolution
		{C7B0AA93-DF3B-4949-BA44-B8C34FE59EB0}.Debug|Any CPU.ActiveCfg = Debug|Any CPU
		{C7B0AA93-DF3B-4949-BA44-B8C34FE59EB0}.Debug|Any CPU.Build.0 = Debug|Any CPU
		{C7B0AA93-DF3B-4949-BA44-B8C34FE59EB0}.Release|Any CPU.ActiveCfg = Release|Any CPU
		{C7B0AA93-DF3B-4949-BA44-B8C34FE59EB0}.Release|Any CPU.Build.0 = Release|Any CPU
		{1AE9262B-891B-489D-A3FC-13DA6AA89BCC}.Debug|Any CPU.ActiveCfg = Debug|Any CPU
		{1AE9262B-891B-489D-A3FC-13DA6AA89BCC}.Debug|Any CPU.Build.0 = Debug|Any CPU
		{1AE9262B-891B-489D-A3FC-13DA6AA89BCC}.Release|Any CPU.ActiveCfg = Release|Any CPU
		{1AE9262B-891B-489D-A3FC-13DA6AA89BCC}.Release|Any CPU.Build.0 = Release|Any CPU
	EndGlobalSection
	GlobalSection(SolutionProperties) = preSolution
		HideSolutionNode = FALSE
	EndGlobalSection
	GlobalSection(ExtensibilityGlobals) = postSolution
		SolutionGuid = {FEA07286-D2B5-4219-8817-A3D9BEC49189}
	EndGlobalSection
EndGlobal
